
Microsoft Visual Studio Solution File, Format Version 12.00
# Visual Studio Version 17
VisualStudioVersion = 17.8.34525.116
MinimumVisualStudioVersion = 10.0.40219.1
Project("{FAE04EC0-301F-11D3-BF4B-00C04F79EFBC}") = "LABA_5", "LABA_5\LABA_5.csproj", "{65063681-8895-4559-BBC0-9E69904A170F}"
EndProject
Global
	GlobalSection(SolutionConfigurationPlatforms) = preSolution
		Debug|Any CPU = Debug|Any CPU
		Release|Any CPU = Release|Any CPU
	EndGlobalSection
	GlobalSection(ProjectConfigurationPlatforms) = postSolution
		{65063681-8895-4559-BBC0-9E69904A170F}.Debug|Any CPU.ActiveCfg = Debug|Any CPU
		{65063681-8895-4559-BBC0-9E69904A170F}.Debug|Any CPU.Build.0 = Debug|Any CPU
		{65063681-8895-4559-BBC0-9E69904A170F}.Release|Any CPU.ActiveCfg = Release|Any CPU
		{65063681-8895-4559-BBC0-9E69904A170F}.Release|Any CPU.Build.0 = Release|Any CPU
	EndGlobalSection
	GlobalSection(SolutionProperties) = preSolution
		HideSolutionNode = FALSE
	EndGlobalSection
	GlobalSection(ExtensibilityGlobals) = postSolution
		SolutionGuid = {C62A1061-6DA5-4376-BACF-5CB632A92942}
	EndGlobalSection
EndGlobal
